
Microsoft Visual Studio Solution File, Format Version 12.00
# Visual Studio Version 16
VisualStudioVersion = 16.0.31911.196
MinimumVisualStudioVersion = 10.0.40219.1
Project("{FAE04EC0-301F-11D3-BF4B-00C04F79EFBC}") = "DataHandling", "DataHandling.csproj", "{AA3B4CA4-5D76-4A84-AEE3-AE3F7E3AEC38}"
EndProject
Global
	GlobalSection(SolutionConfigurationPlatforms) = preSolution
		Debug|Any CPU = Debug|Any CPU
		Release|Any CPU = Release|Any CPU
	EndGlobalSection
	GlobalSection(ProjectConfigurationPlatforms) = postSolution
		{AA3B4CA4-5D76-4A84-AEE3-AE3F7E3AEC38}.Debug|Any CPU.ActiveCfg = Debug|Any CPU
		{AA3B4CA4-5D76-4A84-AEE3-AE3F7E3AEC38}.Debug|Any CPU.Build.0 = Debug|Any CPU
		{AA3B4CA4-5D76-4A84-AEE3-AE3F7E3AEC38}.Release|Any CPU.ActiveCfg = Release|Any CPU
		{AA3B4CA4-5D76-4A84-AEE3-AE3F7E3AEC38}.Release|Any CPU.Build.0 = Release|Any CPU
	EndGlobalSection
	GlobalSection(SolutionProperties) = preSolution
		HideSolutionNode = FALSE
	EndGlobalSection
	GlobalSection(ExtensibilityGlobals) = postSolution
		SolutionGuid = {D8F6E6FA-DC85-48EC-8D76-CD1F46A7BEEB}
	EndGlobalSection
EndGlobal
